{
  "nodes": {
    "flake-utils": {
      "inputs": {
        "systems": "systems"
      },
      "locked": {
        "lastModified": 1731533236,
        "narHash": "sha256-l0KFg5HjrsfsO/JpG+r7fRrqm12kzFHyUHqHCVpMMbI=",
        "owner": "numtide",
        "repo": "flake-utils",
        "rev": "11707dc2f618dd54ca8739b309ec4fc024de578b",
        "type": "github"
      },
      "original": {
        "owner": "numtide",
        "repo": "flake-utils",
        "type": "github"
      }
    },
    "github-calendar": {
      "flake": false,
      "locked": {
        "lastModified": 1680258091,
        "narHash": "sha256-1IKnw78iwhlF2AEbiPD6PVxNM0lXc8PvjLNQITelSkQ=",
        "ref": "main",
        "rev": "2f9f47bd7034f7ed6abddde7f356cd90640d1ad2",
        "revCount": 4,
        "type": "git",
        "url": "https://codeberg.org/totoroot/hugo-github-calendar"
      },
      "original": {
        "ref": "main",
        "type": "git",
        "url": "https://codeberg.org/totoroot/hugo-github-calendar"
      }
    },
    "nixpkgs": {
      "locked": {
        "lastModified": 1755615617,
        "narHash": "sha256-HMwfAJBdrr8wXAkbGhtcby1zGFvs+StOp19xNsbqdOg=",
        "owner": "nixos",
        "repo": "nixpkgs",
        "rev": "20075955deac2583bb12f07151c2df830ef346b4",
        "type": "github"
      },
      "original": {
        "owner": "nixos",
        "ref": "nixos-unstable",
        "repo": "nixpkgs",
        "type": "github"
      }
    },
    "root": {
      "inputs": {
        "flake-utils": "flake-utils",
        "github-calendar": "github-calendar",
        "nixpkgs": "nixpkgs",
        "stack": "stack"
      }
    },
    "stack": {
      "flake": false,
      "locked": {
        "lastModified": 1682499090,
        "narHash": "sha256-+MYoAipOFgOWfMcbMiNDrOEr/4ei5Mym+rKICNnMyyg=",
        "ref": "main",
        "rev": "f574a8f9b960751083032a4f43ab927471ae53f3",
        "revCount": 527,
        "type": "git",
        "url": "https://codeberg.org/totoroot/hugo-theme-stack"
      },
      "original": {
        "ref": "main",
        "type": "git",
        "url": "https://codeberg.org/totoroot/hugo-theme-stack"
      }
    },
    "systems": {
      "locked": {
        "lastModified": 1681028828,
        "narHash": "sha256-Vy1rq5AaRuLzOxct8nz4T6wlgyUR7zLU309k9mBC768=",
        "owner": "nix-systems",
        "repo": "default",
        "rev": "da67096a3b9bf56a91d16901293e51ba5b49a27e",
        "type": "github"
      },
      "original": {
        "owner": "nix-systems",
        "repo": "default",
        "type": "github"
      }
    }
  },
  "root": "root",
  "version": 7
}
